
Microsoft Visual Studio Solution File, Format Version 12.00
# Visual Studio Version 17
VisualStudioVersion = 17.1.32328.378
MinimumVisualStudioVersion = 10.0.40219.1
Project("{FAE04EC0-301F-11D3-BF4B-00C04F79EFBC}") = "Middlewares", "Middlewares\Middlewares.csproj", "{B9B177E3-BEBC-46EF-A927-9269736A871B}"
EndProject
Global
	GlobalSection(SolutionConfigurationPlatforms) = preSolution
		Debug|Any CPU = Debug|Any CPU
		Release|Any CPU = Release|Any CPU
	EndGlobalSection
	GlobalSection(ProjectConfigurationPlatforms) = postSolution
		{B9B177E3-BEBC-46EF-A927-9269736A871B}.Debug|Any CPU.ActiveCfg = Debug|Any CPU
		{B9B177E3-BEBC-46EF-A927-9269736A871B}.Debug|Any CPU.Build.0 = Debug|Any CPU
		{B9B177E3-BEBC-46EF-A927-9269736A871B}.Release|Any CPU.ActiveCfg = Release|Any CPU
		{B9B177E3-BEBC-46EF-A927-9269736A871B}.Release|Any CPU.Build.0 = Release|Any CPU
	EndGlobalSection
	GlobalSection(SolutionProperties) = preSolution
		HideSolutionNode = FALSE
	EndGlobalSection
	GlobalSection(ExtensibilityGlobals) = postSolution
		SolutionGuid = {D940D2D4-C7F3-498D-82FB-68BBF1A01A80}
	EndGlobalSection
EndGlobal
