
Microsoft Visual Studio Solution File, Format Version 12.00
# Visual Studio Version 17
VisualStudioVersion = 17.1.32328.378
MinimumVisualStudioVersion = 10.0.40219.1
Project("{FAE04EC0-301F-11D3-BF4B-00C04F79EFBC}") = "LifeCycleOfDependencyInjection", "LifeCycleOfDependencyInjection\LifeCycleOfDependencyInjection.csproj", "{90D9A5BF-45B0-4687-901B-D110604A68A4}"
EndProject
Global
	GlobalSection(SolutionConfigurationPlatforms) = preSolution
		Debug|Any CPU = Debug|Any CPU
		Release|Any CPU = Release|Any CPU
	EndGlobalSection
	GlobalSection(ProjectConfigurationPlatforms) = postSolution
		{90D9A5BF-45B0-4687-901B-D110604A68A4}.Debug|Any CPU.ActiveCfg = Debug|Any CPU
		{90D9A5BF-45B0-4687-901B-D110604A68A4}.Debug|Any CPU.Build.0 = Debug|Any CPU
		{90D9A5BF-45B0-4687-901B-D110604A68A4}.Release|Any CPU.ActiveCfg = Release|Any CPU
		{90D9A5BF-45B0-4687-901B-D110604A68A4}.Release|Any CPU.Build.0 = Release|Any CPU
	EndGlobalSection
	GlobalSection(SolutionProperties) = preSolution
		HideSolutionNode = FALSE
	EndGlobalSection
	GlobalSection(ExtensibilityGlobals) = postSolution
		SolutionGuid = {BD9D9CA8-1752-464C-BE78-799172923702}
	EndGlobalSection
EndGlobal
